
Microsoft Visual Studio Solution File, Format Version 12.00
# Visual Studio Version 16
VisualStudioVersion = 16.0.30523.141
MinimumVisualStudioVersion = 10.0.40219.1
Project("{FAE04EC0-301F-11D3-BF4B-00C04F79EFBC}") = "Odev_2_RFatihK", "Odev_2_RFatihK\Odev_2_RFatihK.csproj", "{11517095-849A-426F-8ACA-7A9F7D47DCC7}"
EndProject
Global
	GlobalSection(SolutionConfigurationPlatforms) = preSolution
		Debug|Any CPU = Debug|Any CPU
		Release|Any CPU = Release|Any CPU
	EndGlobalSection
	GlobalSection(ProjectConfigurationPlatforms) = postSolution
		{11517095-849A-426F-8ACA-7A9F7D47DCC7}.Debug|Any CPU.ActiveCfg = Debug|Any CPU
		{11517095-849A-426F-8ACA-7A9F7D47DCC7}.Debug|Any CPU.Build.0 = Debug|Any CPU
		{11517095-849A-426F-8ACA-7A9F7D47DCC7}.Release|Any CPU.ActiveCfg = Release|Any CPU
		{11517095-849A-426F-8ACA-7A9F7D47DCC7}.Release|Any CPU.Build.0 = Release|Any CPU
	EndGlobalSection
	GlobalSection(SolutionProperties) = preSolution
		HideSolutionNode = FALSE
	EndGlobalSection
	GlobalSection(ExtensibilityGlobals) = postSolution
		SolutionGuid = {2D438251-4CEE-47C9-92C6-CC4C1A0B1EA7}
	EndGlobalSection
EndGlobal
