
Microsoft Visual Studio Solution File, Format Version 12.00
# Visual Studio Version 16
VisualStudioVersion = 16.0.30523.141
MinimumVisualStudioVersion = 10.0.40219.1
Project("{FAE04EC0-301F-11D3-BF4B-00C04F79EFBC}") = "Odev1_RamazanFatihKaradeniz", "Odev1_RamazanFatihKaradeniz\Odev1_RamazanFatihKaradeniz.csproj", "{5122BFE4-73A4-4D0B-B90B-2C86A1BDDE8F}"
EndProject
Global
	GlobalSection(SolutionConfigurationPlatforms) = preSolution
		Debug|Any CPU = Debug|Any CPU
		Release|Any CPU = Release|Any CPU
	EndGlobalSection
	GlobalSection(ProjectConfigurationPlatforms) = postSolution
		{5122BFE4-73A4-4D0B-B90B-2C86A1BDDE8F}.Debug|Any CPU.ActiveCfg = Debug|Any CPU
		{5122BFE4-73A4-4D0B-B90B-2C86A1BDDE8F}.Debug|Any CPU.Build.0 = Debug|Any CPU
		{5122BFE4-73A4-4D0B-B90B-2C86A1BDDE8F}.Release|Any CPU.ActiveCfg = Release|Any CPU
		{5122BFE4-73A4-4D0B-B90B-2C86A1BDDE8F}.Release|Any CPU.Build.0 = Release|Any CPU
	EndGlobalSection
	GlobalSection(SolutionProperties) = preSolution
		HideSolutionNode = FALSE
	EndGlobalSection
	GlobalSection(ExtensibilityGlobals) = postSolution
		SolutionGuid = {E4AEC588-8693-46D2-AF98-DA5B84F19F6C}
	EndGlobalSection
EndGlobal
