
Microsoft Visual Studio Solution File, Format Version 12.00
# Visual Studio Version 16
VisualStudioVersion = 16.0.30804.86
MinimumVisualStudioVersion = 10.0.40219.1
Project("{FAE04EC0-301F-11D3-BF4B-00C04F79EFBC}") = "WindowsFormsApp8", "WindowsFormsApp8\WindowsFormsApp8.csproj", "{B3290F45-308D-46DD-9940-77557319914A}"
EndProject
Global
	GlobalSection(SolutionConfigurationPlatforms) = preSolution
		Debug|Any CPU = Debug|Any CPU
		Release|Any CPU = Release|Any CPU
	EndGlobalSection
	GlobalSection(ProjectConfigurationPlatforms) = postSolution
		{B3290F45-308D-46DD-9940-77557319914A}.Debug|Any CPU.ActiveCfg = Debug|Any CPU
		{B3290F45-308D-46DD-9940-77557319914A}.Debug|Any CPU.Build.0 = Debug|Any CPU
		{B3290F45-308D-46DD-9940-77557319914A}.Release|Any CPU.ActiveCfg = Release|Any CPU
		{B3290F45-308D-46DD-9940-77557319914A}.Release|Any CPU.Build.0 = Release|Any CPU
	EndGlobalSection
	GlobalSection(SolutionProperties) = preSolution
		HideSolutionNode = FALSE
	EndGlobalSection
	GlobalSection(ExtensibilityGlobals) = postSolution
		SolutionGuid = {A72FC4CD-F127-484B-BDF8-486EDFFD8A2D}
	EndGlobalSection
EndGlobal
