
Microsoft Visual Studio Solution File, Format Version 12.00
# Visual Studio Version 16
VisualStudioVersion = 16.0.30523.141
MinimumVisualStudioVersion = 10.0.40219.1
Project("{FAE04EC0-301F-11D3-BF4B-00C04F79EFBC}") = "Odev3_2_RFatihK", "Odev3_2_RFatihK\Odev3_2_RFatihK.csproj", "{64809874-D687-446F-9F3F-58AD547CBBBF}"
EndProject
Global
	GlobalSection(SolutionConfigurationPlatforms) = preSolution
		Debug|Any CPU = Debug|Any CPU
		Release|Any CPU = Release|Any CPU
	EndGlobalSection
	GlobalSection(ProjectConfigurationPlatforms) = postSolution
		{64809874-D687-446F-9F3F-58AD547CBBBF}.Debug|Any CPU.ActiveCfg = Debug|Any CPU
		{64809874-D687-446F-9F3F-58AD547CBBBF}.Debug|Any CPU.Build.0 = Debug|Any CPU
		{64809874-D687-446F-9F3F-58AD547CBBBF}.Release|Any CPU.ActiveCfg = Release|Any CPU
		{64809874-D687-446F-9F3F-58AD547CBBBF}.Release|Any CPU.Build.0 = Release|Any CPU
	EndGlobalSection
	GlobalSection(SolutionProperties) = preSolution
		HideSolutionNode = FALSE
	EndGlobalSection
	GlobalSection(ExtensibilityGlobals) = postSolution
		SolutionGuid = {06747877-3C2E-4213-98AC-BD156E4BB6E7}
	EndGlobalSection
EndGlobal
