
Microsoft Visual Studio Solution File, Format Version 12.00
# Visual Studio Version 16
VisualStudioVersion = 16.0.30717.126
MinimumVisualStudioVersion = 10.0.40219.1
Project("{FAE04EC0-301F-11D3-BF4B-00C04F79EFBC}") = "WindowsFormsApp7", "WindowsFormsApp7\WindowsFormsApp7.csproj", "{1399C3EA-6E96-44D0-A27F-2C3AB5C837F4}"
EndProject
Global
	GlobalSection(SolutionConfigurationPlatforms) = preSolution
		Debug|Any CPU = Debug|Any CPU
		Release|Any CPU = Release|Any CPU
	EndGlobalSection
	GlobalSection(ProjectConfigurationPlatforms) = postSolution
		{1399C3EA-6E96-44D0-A27F-2C3AB5C837F4}.Debug|Any CPU.ActiveCfg = Debug|Any CPU
		{1399C3EA-6E96-44D0-A27F-2C3AB5C837F4}.Debug|Any CPU.Build.0 = Debug|Any CPU
		{1399C3EA-6E96-44D0-A27F-2C3AB5C837F4}.Release|Any CPU.ActiveCfg = Release|Any CPU
		{1399C3EA-6E96-44D0-A27F-2C3AB5C837F4}.Release|Any CPU.Build.0 = Release|Any CPU
	EndGlobalSection
	GlobalSection(SolutionProperties) = preSolution
		HideSolutionNode = FALSE
	EndGlobalSection
	GlobalSection(ExtensibilityGlobals) = postSolution
		SolutionGuid = {A9BA47CD-218E-4D68-87D5-8B6E52B43C2F}
	EndGlobalSection
EndGlobal
