
Microsoft Visual Studio Solution File, Format Version 12.00
# Visual Studio Version 16
VisualStudioVersion = 16.0.30804.86
MinimumVisualStudioVersion = 10.0.40219.1
Project("{FAE04EC0-301F-11D3-BF4B-00C04F79EFBC}") = "WindowsFormsApp8", "WindowsFormsApp8\WindowsFormsApp8.csproj", "{5DB6B196-7768-47C3-B5BB-7D7E39FD072F}"
EndProject
Global
	GlobalSection(SolutionConfigurationPlatforms) = preSolution
		Debug|Any CPU = Debug|Any CPU
		Release|Any CPU = Release|Any CPU
	EndGlobalSection
	GlobalSection(ProjectConfigurationPlatforms) = postSolution
		{5DB6B196-7768-47C3-B5BB-7D7E39FD072F}.Debug|Any CPU.ActiveCfg = Debug|Any CPU
		{5DB6B196-7768-47C3-B5BB-7D7E39FD072F}.Debug|Any CPU.Build.0 = Debug|Any CPU
		{5DB6B196-7768-47C3-B5BB-7D7E39FD072F}.Release|Any CPU.ActiveCfg = Release|Any CPU
		{5DB6B196-7768-47C3-B5BB-7D7E39FD072F}.Release|Any CPU.Build.0 = Release|Any CPU
	EndGlobalSection
	GlobalSection(SolutionProperties) = preSolution
		HideSolutionNode = FALSE
	EndGlobalSection
	GlobalSection(ExtensibilityGlobals) = postSolution
		SolutionGuid = {74E8BA0D-639B-4F65-9688-B8C24197A70C}
	EndGlobalSection
EndGlobal
