
Microsoft Visual Studio Solution File, Format Version 12.00
# Visual Studio Version 16
VisualStudioVersion = 16.0.30804.86
MinimumVisualStudioVersion = 10.0.40219.1
Project("{FAE04EC0-301F-11D3-BF4B-00C04F79EFBC}") = "WindowsFormsApp7", "WindowsFormsApp7\WindowsFormsApp7.csproj", "{B74F0979-41C0-40F1-ADE6-E1A855F3AAEF}"
EndProject
Global
	GlobalSection(SolutionConfigurationPlatforms) = preSolution
		Debug|Any CPU = Debug|Any CPU
		Release|Any CPU = Release|Any CPU
	EndGlobalSection
	GlobalSection(ProjectConfigurationPlatforms) = postSolution
		{B74F0979-41C0-40F1-ADE6-E1A855F3AAEF}.Debug|Any CPU.ActiveCfg = Debug|Any CPU
		{B74F0979-41C0-40F1-ADE6-E1A855F3AAEF}.Debug|Any CPU.Build.0 = Debug|Any CPU
		{B74F0979-41C0-40F1-ADE6-E1A855F3AAEF}.Release|Any CPU.ActiveCfg = Release|Any CPU
		{B74F0979-41C0-40F1-ADE6-E1A855F3AAEF}.Release|Any CPU.Build.0 = Release|Any CPU
	EndGlobalSection
	GlobalSection(SolutionProperties) = preSolution
		HideSolutionNode = FALSE
	EndGlobalSection
	GlobalSection(ExtensibilityGlobals) = postSolution
		SolutionGuid = {BBEF6FB3-D211-4584-A893-B76D427349D0}
	EndGlobalSection
EndGlobal
